
Microsoft Visual Studio Solution File, Format Version 12.00
# Visual Studio Version 17
VisualStudioVersion = 17.5.002.0
MinimumVisualStudioVersion = 10.0.40219.1
Project("{9A19103F-16F7-4668-BE54-9A1E7A4F7556}") = "leet", "leet.csproj", "{894B9019-81F7-4EF1-B3FA-8358A526E874}"
EndProject
Global
	GlobalSection(SolutionConfigurationPlatforms) = preSolution
		Debug|Any CPU = Debug|Any CPU
		Release|Any CPU = Release|Any CPU
	EndGlobalSection
	GlobalSection(ProjectConfigurationPlatforms) = postSolution
		{894B9019-81F7-4EF1-B3FA-8358A526E874}.Debug|Any CPU.ActiveCfg = Debug|Any CPU
		{894B9019-81F7-4EF1-B3FA-8358A526E874}.Debug|Any CPU.Build.0 = Debug|Any CPU
		{894B9019-81F7-4EF1-B3FA-8358A526E874}.Release|Any CPU.ActiveCfg = Release|Any CPU
		{894B9019-81F7-4EF1-B3FA-8358A526E874}.Release|Any CPU.Build.0 = Release|Any CPU
	EndGlobalSection
	GlobalSection(SolutionProperties) = preSolution
		HideSolutionNode = FALSE
	EndGlobalSection
	GlobalSection(ExtensibilityGlobals) = postSolution
		SolutionGuid = {EEF50AEE-0082-4294-A58C-588453EBB045}
	EndGlobalSection
EndGlobal
